
Microsoft Visual Studio Solution File, Format Version 12.00
# Visual Studio Version 17
VisualStudioVersion = 17.10.34928.147
MinimumVisualStudioVersion = 10.0.40219.1
Project("{FAE04EC0-301F-11D3-BF4B-00C04F79EFBC}") = "SkiaSharpBug", "SkiaSharpBug\SkiaSharpBug.csproj", "{6810251A-59A0-4221-A1FC-B57A29FEE592}"
EndProject
Global
	GlobalSection(SolutionConfigurationPlatforms) = preSolution
		Debug|Any CPU = Debug|Any CPU
		Release|Any CPU = Release|Any CPU
	EndGlobalSection
	GlobalSection(ProjectConfigurationPlatforms) = postSolution
		{6810251A-59A0-4221-A1FC-B57A29FEE592}.Debug|Any CPU.ActiveCfg = Debug|Any CPU
		{6810251A-59A0-4221-A1FC-B57A29FEE592}.Debug|Any CPU.Build.0 = Debug|Any CPU
		{6810251A-59A0-4221-A1FC-B57A29FEE592}.Release|Any CPU.ActiveCfg = Release|Any CPU
		{6810251A-59A0-4221-A1FC-B57A29FEE592}.Release|Any CPU.Build.0 = Release|Any CPU
	EndGlobalSection
	GlobalSection(SolutionProperties) = preSolution
		HideSolutionNode = FALSE
	EndGlobalSection
	GlobalSection(ExtensibilityGlobals) = postSolution
		SolutionGuid = {F6EFDB54-675E-4833-A1E8-3EF31AFE77A5}
	EndGlobalSection
EndGlobal
